{
    "version": 3,
    "terraform_version": "0.11.8",
    "serial": 4,
    "lineage": "710548e1-da7d-b7b6-7061-9e93db610843",
    "modules": [
        {
            "path": [
                "root"
            ],
            "outputs": {
                "aws_elb_public_dns": {
                    "sensitive": false,
                    "type": "string",
                    "value": "nginx-elb-1434611461.us-east-1.elb.amazonaws.com"
                }
            },
            "resources": {
                "aws_elb.web": {
                    "type": "aws_elb",
                    "depends_on": [
                        "aws_instance.nginx1",
                        "aws_instance.nginx2",
                        "aws_security_group.elb-sg",
                        "aws_subnet.subnet1",
                        "aws_subnet.subnet2"
                    ],
                    "primary": {
                        "id": "nginx-elb",
                        "attributes": {
                            "access_logs.#": "0",
                            "arn": "arn:aws:elasticloadbalancing:us-east-1:172586632398:loadbalancer/nginx-elb",
                            "availability_zones.#": "2",
                            "availability_zones.1305112097": "us-east-1b",
                            "availability_zones.3569565595": "us-east-1a",
                            "connection_draining": "false",
                            "connection_draining_timeout": "300",
                            "cross_zone_load_balancing": "true",
                            "dns_name": "nginx-elb-1434611461.us-east-1.elb.amazonaws.com",
                            "health_check.#": "1",
                            "health_check.0.healthy_threshold": "10",
                            "health_check.0.interval": "30",
                            "health_check.0.target": "TCP:80",
                            "health_check.0.timeout": "5",
                            "health_check.0.unhealthy_threshold": "2",
                            "id": "nginx-elb",
                            "idle_timeout": "60",
                            "instances.#": "2",
                            "instances.2975714006": "i-075d078418758a19c",
                            "instances.4148886407": "i-093ea2a06b3bb3702",
                            "internal": "false",
                            "listener.#": "1",
                            "listener.3057123346.instance_port": "80",
                            "listener.3057123346.instance_protocol": "http",
                            "listener.3057123346.lb_port": "80",
                            "listener.3057123346.lb_protocol": "http",
                            "listener.3057123346.ssl_certificate_id": "",
                            "name": "nginx-elb",
                            "security_groups.#": "1",
                            "security_groups.886177082": "sg-0de345eb77cc45495",
                            "source_security_group": "172586632398/nginx_elb_sg",
                            "source_security_group_id": "sg-0de345eb77cc45495",
                            "subnets.#": "2",
                            "subnets.3400053332": "subnet-0dfb3943e8b557fa4",
                            "subnets.343146623": "subnet-052c0687d3aaf4e9e",
                            "tags.%": "3",
                            "tags.BillingCode": "ACCT8675309",
                            "tags.Environment": "dev",
                            "tags.Name": "dev-elb",
                            "zone_id": "Z35SXDOTRQ7X7K"
                        },
                        "meta": {},
                        "tainted": false
                    },
                    "deposed": [],
                    "provider": "provider.aws"
                },
                "aws_iam_access_key.write_user": {
                    "type": "aws_iam_access_key",
                    "depends_on": [
                        "aws_iam_user.write_user"
                    ],
                    "primary": {
                        "id": "AKIAJZLHPQTKOKJAECKQ",
                        "attributes": {
                            "id": "AKIAJZLHPQTKOKJAECKQ",
                            "secret": "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",
                            "ses_smtp_password": "AqAVdB0T9T912B1GxT7GAvGo6/KWnVc3mapT2wh8wmuR",
                            "status": "Active",
                            "user": "dev-s3-write-user"
                        },
                        "meta": {},
                        "tainted": false
                    },
                    "deposed": [],
                    "provider": "provider.aws"
                },
                "aws_iam_user.write_user": {
                    "type": "aws_iam_user",
                    "depends_on": [],
                    "primary": {
                        "id": "dev-s3-write-user",
                        "attributes": {
                            "arn": "arn:aws:iam::172586632398:user/dev-s3-write-user",
                            "force_destroy": "true",
                            "id": "dev-s3-write-user",
                            "name": "dev-s3-write-user",
                            "path": "/",
                            "unique_id": "AIDAIPAEIS7BCOZYASNXE"
                        },
                        "meta": {},
                        "tainted": false
                    },
                    "deposed": [],
                    "provider": "provider.aws"
                },
                "aws_iam_user_policy.write_user_pol": {
                    "type": "aws_iam_user_policy",
                    "depends_on": [
                        "aws_iam_user.write_user"
                    ],
                    "primary": {
                        "id": "dev-s3-write-user:write",
                        "attributes": {
                            "id": "dev-s3-write-user:write",
                            "name": "write",
                            "policy": "{\n    \"Version\": \"2012-10-17\",\n    \"Statement\": [\n        {\n            \"Effect\": \"Allow\",\n            \"Action\": \"s3:*\",\n            \"Resource\": [\n                \"arn:aws:s3:::dev-bharathkumarrajuglobomantics-web\",\n                \"arn:aws:s3:::dev-bharathkumarrajuglobomantics-web/*\"\n            ]\n        }\n   ]\n}\n",
                            "user": "dev-s3-write-user"
                        },
                        "meta": {},
                        "tainted": false
                    },
                    "deposed": [],
                    "provider": "provider.aws"
                },
                "aws_instance.nginx1": {
                    "type": "aws_instance",
                    "depends_on": [
                        "aws_iam_access_key.write_user",
                        "aws_s3_bucket.web_bucket",
                        "aws_security_group.nginx-sg",
                        "aws_subnet.subnet1"
                    ],
                    "primary": {
                        "id": "i-075d078418758a19c",
                        "attributes": {
                            "ami": "ami-c58c1dd3",
                            "arn": "arn:aws:ec2:us-east-1:172586632398:instance/i-075d078418758a19c",
                            "associate_public_ip_address": "true",
                            "availability_zone": "us-east-1a",
                            "cpu_core_count": "1",
                            "cpu_threads_per_core": "1",
                            "credit_specification.#": "1",
                            "credit_specification.0.cpu_credits": "standard",
                            "disable_api_termination": "false",
                            "ebs_block_device.#": "0",
                            "ebs_optimized": "false",
                            "ephemeral_block_device.#": "0",
                            "get_password_data": "false",
                            "iam_instance_profile": "",
                            "id": "i-075d078418758a19c",
                            "instance_state": "running",
                            "instance_type": "t2.micro",
                            "ipv6_addresses.#": "0",
                            "key_name": "hanumankeys",
                            "monitoring": "false",
                            "network_interface.#": "0",
                            "network_interface_id": "eni-0db9eeb87fb4fbdb4",
                            "password_data": "",
                            "placement_group": "",
                            "primary_network_interface_id": "eni-0db9eeb87fb4fbdb4",
                            "private_dns": "ip-10-1-0-222.ec2.internal",
                            "private_ip": "10.1.0.222",
                            "public_dns": "",
                            "public_ip": "34.237.137.134",
                            "root_block_device.#": "1",
                            "root_block_device.0.delete_on_termination": "true",
                            "root_block_device.0.iops": "100",
                            "root_block_device.0.volume_id": "vol-0d95c0e6f3810207c",
                            "root_block_device.0.volume_size": "8",
                            "root_block_device.0.volume_type": "gp2",
                            "security_groups.#": "0",
                            "source_dest_check": "true",
                            "subnet_id": "subnet-0dfb3943e8b557fa4",
                            "tags.%": "3",
                            "tags.BillingCode": "ACCT8675309",
                            "tags.Environment": "dev",
                            "tags.Name": "dev-nginx1",
                            "tenancy": "default",
                            "volume_tags.%": "0",
                            "vpc_security_group_ids.#": "1",
                            "vpc_security_group_ids.3131958799": "sg-0729a0abd4984a17a"
                        },
                        "meta": {
                            "e2bfb730-ecaa-11e6-8f88-34363bc7c4c0": {
                                "create": 600000000000,
                                "delete": 1200000000000,
                                "update": 600000000000
                            },
                            "schema_version": "1"
                        },
                        "tainted": false
                    },
                    "deposed": [],
                    "provider": "provider.aws"
                },
                "aws_instance.nginx2": {
                    "type": "aws_instance",
                    "depends_on": [
                        "aws_iam_access_key.write_user",
                        "aws_s3_bucket.web_bucket",
                        "aws_security_group.nginx-sg",
                        "aws_subnet.subnet2"
                    ],
                    "primary": {
                        "id": "i-093ea2a06b3bb3702",
                        "attributes": {
                            "ami": "ami-c58c1dd3",
                            "arn": "arn:aws:ec2:us-east-1:172586632398:instance/i-093ea2a06b3bb3702",
                            "associate_public_ip_address": "true",
                            "availability_zone": "us-east-1b",
                            "cpu_core_count": "1",
                            "cpu_threads_per_core": "1",
                            "credit_specification.#": "1",
                            "credit_specification.0.cpu_credits": "standard",
                            "disable_api_termination": "false",
                            "ebs_block_device.#": "0",
                            "ebs_optimized": "false",
                            "ephemeral_block_device.#": "0",
                            "get_password_data": "false",
                            "iam_instance_profile": "",
                            "id": "i-093ea2a06b3bb3702",
                            "instance_state": "running",
                            "instance_type": "t2.micro",
                            "ipv6_addresses.#": "0",
                            "key_name": "hanumankeys",
                            "monitoring": "false",
                            "network_interface.#": "0",
                            "network_interface_id": "eni-0d6c888c6e077b9c2",
                            "password_data": "",
                            "placement_group": "",
                            "primary_network_interface_id": "eni-0d6c888c6e077b9c2",
                            "private_dns": "ip-10-1-1-114.ec2.internal",
                            "private_ip": "10.1.1.114",
                            "public_dns": "",
                            "public_ip": "18.207.206.84",
                            "root_block_device.#": "1",
                            "root_block_device.0.delete_on_termination": "true",
                            "root_block_device.0.iops": "100",
                            "root_block_device.0.volume_id": "vol-0fe5d510ceb9d1b39",
                            "root_block_device.0.volume_size": "8",
                            "root_block_device.0.volume_type": "gp2",
                            "security_groups.#": "0",
                            "source_dest_check": "true",
                            "subnet_id": "subnet-052c0687d3aaf4e9e",
                            "tags.%": "3",
                            "tags.BillingCode": "ACCT8675309",
                            "tags.Environment": "dev",
                            "tags.Name": "dev-nginx2",
                            "tenancy": "default",
                            "volume_tags.%": "0",
                            "vpc_security_group_ids.#": "1",
                            "vpc_security_group_ids.3131958799": "sg-0729a0abd4984a17a"
                        },
                        "meta": {
                            "e2bfb730-ecaa-11e6-8f88-34363bc7c4c0": {
                                "create": 600000000000,
                                "delete": 1200000000000,
                                "update": 600000000000
                            },
                            "schema_version": "1"
                        },
                        "tainted": false
                    },
                    "deposed": [],
                    "provider": "provider.aws"
                },
                "aws_internet_gateway.igw": {
                    "type": "aws_internet_gateway",
                    "depends_on": [
                        "aws_vpc.vpc"
                    ],
                    "primary": {
                        "id": "igw-0ad9003deadc635e2",
                        "attributes": {
                            "id": "igw-0ad9003deadc635e2",
                            "tags.%": "3",
                            "tags.BillingCode": "ACCT8675309",
                            "tags.Environment": "dev",
                            "tags.Name": "dev-igw",
                            "vpc_id": "vpc-04b1697f85cb63025"
                        },
                        "meta": {},
                        "tainted": false
                    },
                    "deposed": [],
                    "provider": "provider.aws"
                },
                "aws_route_table.rtb": {
                    "type": "aws_route_table",
                    "depends_on": [
                        "aws_internet_gateway.igw",
                        "aws_vpc.vpc"
                    ],
                    "primary": {
                        "id": "rtb-00819e3d705e5c39a",
                        "attributes": {
                            "id": "rtb-00819e3d705e5c39a",
                            "propagating_vgws.#": "0",
                            "route.#": "1",
                            "route.1346761751.cidr_block": "0.0.0.0/0",
                            "route.1346761751.egress_only_gateway_id": "",
                            "route.1346761751.gateway_id": "igw-0ad9003deadc635e2",
                            "route.1346761751.instance_id": "",
                            "route.1346761751.ipv6_cidr_block": "",
                            "route.1346761751.nat_gateway_id": "",
                            "route.1346761751.network_interface_id": "",
                            "route.1346761751.vpc_peering_connection_id": "",
                            "tags.%": "3",
                            "tags.BillingCode": "ACCT8675309",
                            "tags.Environment": "dev",
                            "tags.Name": "dev-rtb",
                            "vpc_id": "vpc-04b1697f85cb63025"
                        },
                        "meta": {},
                        "tainted": false
                    },
                    "deposed": [],
                    "provider": "provider.aws"
                },
                "aws_route_table_association.rta-subnet1": {
                    "type": "aws_route_table_association",
                    "depends_on": [
                        "aws_route_table.rtb",
                        "aws_subnet.subnet1"
                    ],
                    "primary": {
                        "id": "rtbassoc-018f9706e61ced58d",
                        "attributes": {
                            "id": "rtbassoc-018f9706e61ced58d",
                            "route_table_id": "rtb-00819e3d705e5c39a",
                            "subnet_id": "subnet-0dfb3943e8b557fa4"
                        },
                        "meta": {},
                        "tainted": false
                    },
                    "deposed": [],
                    "provider": "provider.aws"
                },
                "aws_route_table_association.rta-subnet2": {
                    "type": "aws_route_table_association",
                    "depends_on": [
                        "aws_route_table.rtb",
                        "aws_subnet.subnet2"
                    ],
                    "primary": {
                        "id": "rtbassoc-027b566b7d090bdcf",
                        "attributes": {
                            "id": "rtbassoc-027b566b7d090bdcf",
                            "route_table_id": "rtb-00819e3d705e5c39a",
                            "subnet_id": "subnet-052c0687d3aaf4e9e"
                        },
                        "meta": {},
                        "tainted": false
                    },
                    "deposed": [],
                    "provider": "provider.aws"
                },
                "aws_s3_bucket.web_bucket": {
                    "type": "aws_s3_bucket",
                    "depends_on": [
                        "aws_iam_user.write_user"
                    ],
                    "primary": {
                        "id": "dev-bharathkumarrajuglobomantics-web",
                        "attributes": {
                            "acceleration_status": "",
                            "acl": "private",
                            "arn": "arn:aws:s3:::dev-bharathkumarrajuglobomantics-web",
                            "bucket": "dev-bharathkumarrajuglobomantics-web",
                            "bucket_domain_name": "dev-bharathkumarrajuglobomantics-web.s3.amazonaws.com",
                            "bucket_regional_domain_name": "dev-bharathkumarrajuglobomantics-web.s3.amazonaws.com",
                            "cors_rule.#": "0",
                            "force_destroy": "true",
                            "hosted_zone_id": "Z3AQBSTGFYJSTF",
                            "id": "dev-bharathkumarrajuglobomantics-web",
                            "logging.#": "0",
                            "policy": "{\"Statement\":[{\"Action\":\"s3:GetObject\",\"Effect\":\"Allow\",\"Principal\":{\"AWS\":\"*\"},\"Resource\":\"arn:aws:s3:::dev-bharathkumarrajuglobomantics-web/*\",\"Sid\":\"PublicReadForGetBucketObjects\"},{\"Action\":\"s3:*\",\"Effect\":\"Allow\",\"Principal\":{\"AWS\":\"arn:aws:iam::172586632398:user/dev-s3-write-user\"},\"Resource\":[\"arn:aws:s3:::dev-bharathkumarrajuglobomantics-web\",\"arn:aws:s3:::dev-bharathkumarrajuglobomantics-web/*\"],\"Sid\":\"\"}],\"Version\":\"2008-10-17\"}",
                            "region": "us-east-1",
                            "replication_configuration.#": "0",
                            "request_payer": "BucketOwner",
                            "server_side_encryption_configuration.#": "0",
                            "tags.%": "3",
                            "tags.BillingCode": "ACCT8675309",
                            "tags.Environment": "dev",
                            "tags.Name": "dev-web_bucket",
                            "versioning.#": "1",
                            "versioning.0.enabled": "false",
                            "versioning.0.mfa_delete": "false",
                            "website.#": "0"
                        },
                        "meta": {},
                        "tainted": false
                    },
                    "deposed": [],
                    "provider": "provider.aws"
                },
                "aws_s3_bucket_object.graphic": {
                    "type": "aws_s3_bucket_object",
                    "depends_on": [
                        "aws_s3_bucket.web_bucket"
                    ],
                    "primary": {
                        "id": "/website/Globo_logo_Vert.png",
                        "attributes": {
                            "acl": "private",
                            "bucket": "dev-bharathkumarrajuglobomantics-web",
                            "cache_control": "",
                            "content_disposition": "",
                            "content_encoding": "",
                            "content_language": "",
                            "content_type": "binary/octet-stream",
                            "etag": "e687fb69f04d709058ec93b505e8c8ee",
                            "id": "/website/Globo_logo_Vert.png",
                            "key": "/website/Globo_logo_Vert.png",
                            "server_side_encryption": "",
                            "source": "./Globo_logo_Vert.png",
                            "storage_class": "STANDARD",
                            "tags.%": "0",
                            "version_id": "",
                            "website_redirect": ""
                        },
                        "meta": {},
                        "tainted": false
                    },
                    "deposed": [],
                    "provider": "provider.aws"
                },
                "aws_s3_bucket_object.website": {
                    "type": "aws_s3_bucket_object",
                    "depends_on": [
                        "aws_s3_bucket.web_bucket"
                    ],
                    "primary": {
                        "id": "/website/index.html",
                        "attributes": {
                            "acl": "private",
                            "bucket": "dev-bharathkumarrajuglobomantics-web",
                            "cache_control": "",
                            "content_disposition": "",
                            "content_encoding": "",
                            "content_language": "",
                            "content_type": "binary/octet-stream",
                            "etag": "8a05fe27b546d37e45793bc5c574ec09",
                            "id": "/website/index.html",
                            "key": "/website/index.html",
                            "server_side_encryption": "",
                            "source": "./index.html",
                            "storage_class": "STANDARD",
                            "tags.%": "0",
                            "version_id": "",
                            "website_redirect": ""
                        },
                        "meta": {},
                        "tainted": false
                    },
                    "deposed": [],
                    "provider": "provider.aws"
                },
                "aws_security_group.elb-sg": {
                    "type": "aws_security_group",
                    "depends_on": [
                        "aws_vpc.vpc"
                    ],
                    "primary": {
                        "id": "sg-0de345eb77cc45495",
                        "attributes": {
                            "arn": "arn:aws:ec2:us-east-1:172586632398:security-group/sg-0de345eb77cc45495",
                            "description": "Managed by Terraform",
                            "egress.#": "1",
                            "egress.482069346.cidr_blocks.#": "1",
                            "egress.482069346.cidr_blocks.0": "0.0.0.0/0",
                            "egress.482069346.description": "",
                            "egress.482069346.from_port": "0",
                            "egress.482069346.ipv6_cidr_blocks.#": "0",
                            "egress.482069346.prefix_list_ids.#": "0",
                            "egress.482069346.protocol": "-1",
                            "egress.482069346.security_groups.#": "0",
                            "egress.482069346.self": "false",
                            "egress.482069346.to_port": "0",
                            "id": "sg-0de345eb77cc45495",
                            "ingress.#": "1",
                            "ingress.2214680975.cidr_blocks.#": "1",
                            "ingress.2214680975.cidr_blocks.0": "0.0.0.0/0",
                            "ingress.2214680975.description": "",
                            "ingress.2214680975.from_port": "80",
                            "ingress.2214680975.ipv6_cidr_blocks.#": "0",
                            "ingress.2214680975.protocol": "tcp",
                            "ingress.2214680975.security_groups.#": "0",
                            "ingress.2214680975.self": "false",
                            "ingress.2214680975.to_port": "80",
                            "name": "nginx_elb_sg",
                            "owner_id": "172586632398",
                            "revoke_rules_on_delete": "false",
                            "tags.%": "3",
                            "tags.BillingCode": "ACCT8675309",
                            "tags.Environment": "dev",
                            "tags.Name": "dev-elb-sg",
                            "vpc_id": "vpc-04b1697f85cb63025"
                        },
                        "meta": {
                            "e2bfb730-ecaa-11e6-8f88-34363bc7c4c0": {
                                "create": 600000000000,
                                "delete": 600000000000
                            },
                            "schema_version": "1"
                        },
                        "tainted": false
                    },
                    "deposed": [],
                    "provider": "provider.aws"
                },
                "aws_security_group.nginx-sg": {
                    "type": "aws_security_group",
                    "depends_on": [
                        "aws_vpc.vpc"
                    ],
                    "primary": {
                        "id": "sg-0729a0abd4984a17a",
                        "attributes": {
                            "arn": "arn:aws:ec2:us-east-1:172586632398:security-group/sg-0729a0abd4984a17a",
                            "description": "Managed by Terraform",
                            "egress.#": "1",
                            "egress.482069346.cidr_blocks.#": "1",
                            "egress.482069346.cidr_blocks.0": "0.0.0.0/0",
                            "egress.482069346.description": "",
                            "egress.482069346.from_port": "0",
                            "egress.482069346.ipv6_cidr_blocks.#": "0",
                            "egress.482069346.prefix_list_ids.#": "0",
                            "egress.482069346.protocol": "-1",
                            "egress.482069346.security_groups.#": "0",
                            "egress.482069346.self": "false",
                            "egress.482069346.to_port": "0",
                            "id": "sg-0729a0abd4984a17a",
                            "ingress.#": "2",
                            "ingress.2524386204.cidr_blocks.#": "1",
                            "ingress.2524386204.cidr_blocks.0": "10.1.0.0/16",
                            "ingress.2524386204.description": "",
                            "ingress.2524386204.from_port": "80",
                            "ingress.2524386204.ipv6_cidr_blocks.#": "0",
                            "ingress.2524386204.protocol": "tcp",
                            "ingress.2524386204.security_groups.#": "0",
                            "ingress.2524386204.self": "false",
                            "ingress.2524386204.to_port": "80",
                            "ingress.2541437006.cidr_blocks.#": "1",
                            "ingress.2541437006.cidr_blocks.0": "0.0.0.0/0",
                            "ingress.2541437006.description": "",
                            "ingress.2541437006.from_port": "22",
                            "ingress.2541437006.ipv6_cidr_blocks.#": "0",
                            "ingress.2541437006.protocol": "tcp",
                            "ingress.2541437006.security_groups.#": "0",
                            "ingress.2541437006.self": "false",
                            "ingress.2541437006.to_port": "22",
                            "name": "nginx_sg",
                            "owner_id": "172586632398",
                            "revoke_rules_on_delete": "false",
                            "tags.%": "3",
                            "tags.BillingCode": "ACCT8675309",
                            "tags.Environment": "dev",
                            "tags.Name": "dev-nginx-sg",
                            "vpc_id": "vpc-04b1697f85cb63025"
                        },
                        "meta": {
                            "e2bfb730-ecaa-11e6-8f88-34363bc7c4c0": {
                                "create": 600000000000,
                                "delete": 600000000000
                            },
                            "schema_version": "1"
                        },
                        "tainted": false
                    },
                    "deposed": [],
                    "provider": "provider.aws"
                },
                "aws_subnet.subnet1": {
                    "type": "aws_subnet",
                    "depends_on": [
                        "aws_vpc.vpc",
                        "data.aws_availability_zones.available"
                    ],
                    "primary": {
                        "id": "subnet-0dfb3943e8b557fa4",
                        "attributes": {
                            "arn": "arn:aws:ec2:us-east-1:172586632398:subnet/subnet-0dfb3943e8b557fa4",
                            "assign_ipv6_address_on_creation": "false",
                            "availability_zone": "us-east-1a",
                            "cidr_block": "10.1.0.0/24",
                            "id": "subnet-0dfb3943e8b557fa4",
                            "map_public_ip_on_launch": "true",
                            "tags.%": "3",
                            "tags.BillingCode": "ACCT8675309",
                            "tags.Environment": "dev",
                            "tags.Name": "dev-subnet1",
                            "vpc_id": "vpc-04b1697f85cb63025"
                        },
                        "meta": {
                            "schema_version": "1"
                        },
                        "tainted": false
                    },
                    "deposed": [],
                    "provider": "provider.aws"
                },
                "aws_subnet.subnet2": {
                    "type": "aws_subnet",
                    "depends_on": [
                        "aws_vpc.vpc",
                        "data.aws_availability_zones.available"
                    ],
                    "primary": {
                        "id": "subnet-052c0687d3aaf4e9e",
                        "attributes": {
                            "arn": "arn:aws:ec2:us-east-1:172586632398:subnet/subnet-052c0687d3aaf4e9e",
                            "assign_ipv6_address_on_creation": "false",
                            "availability_zone": "us-east-1b",
                            "cidr_block": "10.1.1.0/24",
                            "id": "subnet-052c0687d3aaf4e9e",
                            "map_public_ip_on_launch": "true",
                            "tags.%": "3",
                            "tags.BillingCode": "ACCT8675309",
                            "tags.Environment": "dev",
                            "tags.Name": "dev-subnet2",
                            "vpc_id": "vpc-04b1697f85cb63025"
                        },
                        "meta": {
                            "schema_version": "1"
                        },
                        "tainted": false
                    },
                    "deposed": [],
                    "provider": "provider.aws"
                },
                "aws_vpc.vpc": {
                    "type": "aws_vpc",
                    "depends_on": [],
                    "primary": {
                        "id": "vpc-04b1697f85cb63025",
                        "attributes": {
                            "arn": "arn:aws:ec2:us-east-1:172586632398:vpc/vpc-04b1697f85cb63025",
                            "assign_generated_ipv6_cidr_block": "false",
                            "cidr_block": "10.1.0.0/16",
                            "default_network_acl_id": "acl-0acea0cf563a07ca0",
                            "default_route_table_id": "rtb-0f06126a6b859d0f1",
                            "default_security_group_id": "sg-0d49ab2d955b3c93f",
                            "dhcp_options_id": "dopt-5b43ae22",
                            "enable_classiclink": "false",
                            "enable_classiclink_dns_support": "false",
                            "enable_dns_hostnames": "false",
                            "enable_dns_support": "true",
                            "id": "vpc-04b1697f85cb63025",
                            "instance_tenancy": "default",
                            "main_route_table_id": "rtb-0f06126a6b859d0f1",
                            "tags.%": "3",
                            "tags.BillingCode": "ACCT8675309",
                            "tags.Environment": "dev",
                            "tags.Name": "dev-vpc"
                        },
                        "meta": {
                            "schema_version": "1"
                        },
                        "tainted": false
                    },
                    "deposed": [],
                    "provider": "provider.aws"
                },
                "data.aws_availability_zones.available": {
                    "type": "aws_availability_zones",
                    "depends_on": [],
                    "primary": {
                        "id": "2018-09-06 03:16:36.132912 +0000 UTC",
                        "attributes": {
                            "id": "2018-09-06 03:16:36.132912 +0000 UTC",
                            "names.#": "6",
                            "names.0": "us-east-1a",
                            "names.1": "us-east-1b",
                            "names.2": "us-east-1c",
                            "names.3": "us-east-1d",
                            "names.4": "us-east-1e",
                            "names.5": "us-east-1f"
                        },
                        "meta": {},
                        "tainted": false
                    },
                    "deposed": [],
                    "provider": "provider.aws"
                }
            },
            "depends_on": []
        }
    ]
}
