{
    "version": 3,
    "terraform_version": "0.11.8",
    "serial": 3,
    "lineage": "5f7d1606-93c7-6493-88f8-147fc2fadcd8",
    "modules": [
        {
            "path": [
                "root"
            ],
            "outputs": {
                "aws_elb_public_dns": {
                    "sensitive": false,
                    "type": "string",
                    "value": "nginx-elb-482796536.us-east-1.elb.amazonaws.com"
                }
            },
            "resources": {
                "aws_elb.web": {
                    "type": "aws_elb",
                    "depends_on": [
                        "aws_instance.nginx.*",
                        "aws_security_group.elb-sg",
                        "aws_subnet.subnet.*"
                    ],
                    "primary": {
                        "id": "nginx-elb",
                        "attributes": {
                            "access_logs.#": "0",
                            "arn": "arn:aws:elasticloadbalancing:us-east-1:172586632398:loadbalancer/nginx-elb",
                            "availability_zones.#": "2",
                            "availability_zones.1305112097": "us-east-1b",
                            "availability_zones.3569565595": "us-east-1a",
                            "connection_draining": "false",
                            "connection_draining_timeout": "300",
                            "cross_zone_load_balancing": "true",
                            "dns_name": "nginx-elb-482796536.us-east-1.elb.amazonaws.com",
                            "health_check.#": "1",
                            "health_check.0.healthy_threshold": "10",
                            "health_check.0.interval": "30",
                            "health_check.0.target": "TCP:80",
                            "health_check.0.timeout": "5",
                            "health_check.0.unhealthy_threshold": "2",
                            "id": "nginx-elb",
                            "idle_timeout": "60",
                            "instances.#": "4",
                            "instances.3060134857": "i-0fa15f6a9089fc6be",
                            "instances.392774253": "i-0e510360ec9d7390d",
                            "instances.4248491751": "i-09873fab0f0f13320",
                            "instances.78821296": "i-0fdae308dff19f63a",
                            "internal": "false",
                            "listener.#": "1",
                            "listener.3057123346.instance_port": "80",
                            "listener.3057123346.instance_protocol": "http",
                            "listener.3057123346.lb_port": "80",
                            "listener.3057123346.lb_protocol": "http",
                            "listener.3057123346.ssl_certificate_id": "",
                            "name": "nginx-elb",
                            "security_groups.#": "1",
                            "security_groups.2701766191": "sg-0e21a534db9d20b25",
                            "source_security_group": "172586632398/nginx_elb_sg",
                            "source_security_group_id": "sg-0e21a534db9d20b25",
                            "subnets.#": "2",
                            "subnets.1913259451": "subnet-0da11bc8547887565",
                            "subnets.885692954": "subnet-016c71808e9d63b62",
                            "tags.%": "3",
                            "tags.BillingCode": "ACCT8675309",
                            "tags.Environment": "dev",
                            "tags.Name": "dev-elb",
                            "zone_id": "Z35SXDOTRQ7X7K"
                        },
                        "meta": {},
                        "tainted": false
                    },
                    "deposed": [],
                    "provider": "provider.aws"
                },
                "aws_iam_access_key.write_user": {
                    "type": "aws_iam_access_key",
                    "depends_on": [
                        "aws_iam_user.write_user"
                    ],
                    "primary": {
                        "id": "AKIAI4SR57W5HPMVICNQ",
                        "attributes": {
                            "id": "AKIAI4SR57W5HPMVICNQ",
                            "secret": "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",
                            "ses_smtp_password": "AkhikQSYGLIHKVeCSTgW/pY2ibGy0T1Za0kE6Nr8Xoyu",
                            "status": "Active",
                            "user": "dev-s3-write-user"
                        },
                        "meta": {},
                        "tainted": false
                    },
                    "deposed": [],
                    "provider": "provider.aws"
                },
                "aws_iam_user.write_user": {
                    "type": "aws_iam_user",
                    "depends_on": [],
                    "primary": {
                        "id": "dev-s3-write-user",
                        "attributes": {
                            "arn": "arn:aws:iam::172586632398:user/dev-s3-write-user",
                            "force_destroy": "true",
                            "id": "dev-s3-write-user",
                            "name": "dev-s3-write-user",
                            "path": "/",
                            "unique_id": "AIDAJNZU2FKFVLRKS2OIC"
                        },
                        "meta": {},
                        "tainted": false
                    },
                    "deposed": [],
                    "provider": "provider.aws"
                },
                "aws_iam_user_policy.write_user_pol": {
                    "type": "aws_iam_user_policy",
                    "depends_on": [
                        "aws_iam_user.write_user"
                    ],
                    "primary": {
                        "id": "dev-s3-write-user:write",
                        "attributes": {
                            "id": "dev-s3-write-user:write",
                            "name": "write",
                            "policy": "{\n    \"Version\": \"2012-10-17\",\n    \"Statement\": [\n        {\n            \"Effect\": \"Allow\",\n            \"Action\": \"s3:*\",\n            \"Resource\": [\n                \"arn:aws:s3:::dev-bharathkumarrajuglobomantics-web\",\n                \"arn:aws:s3:::dev-bharathkumarrajuglobomantics-web/*\"\n            ]\n        }\n   ]\n}\n",
                            "user": "dev-s3-write-user"
                        },
                        "meta": {},
                        "tainted": false
                    },
                    "deposed": [],
                    "provider": "provider.aws"
                },
                "aws_instance.nginx.0": {
                    "type": "aws_instance",
                    "depends_on": [
                        "aws_iam_access_key.write_user",
                        "aws_s3_bucket.web_bucket",
                        "aws_security_group.nginx-sg",
                        "aws_subnet.subnet.*"
                    ],
                    "primary": {
                        "id": "i-0e510360ec9d7390d",
                        "attributes": {
                            "ami": "ami-c58c1dd3",
                            "arn": "arn:aws:ec2:us-east-1:172586632398:instance/i-0e510360ec9d7390d",
                            "associate_public_ip_address": "true",
                            "availability_zone": "us-east-1a",
                            "cpu_core_count": "1",
                            "cpu_threads_per_core": "1",
                            "credit_specification.#": "1",
                            "credit_specification.0.cpu_credits": "standard",
                            "disable_api_termination": "false",
                            "ebs_block_device.#": "0",
                            "ebs_optimized": "false",
                            "ephemeral_block_device.#": "0",
                            "get_password_data": "false",
                            "iam_instance_profile": "",
                            "id": "i-0e510360ec9d7390d",
                            "instance_state": "running",
                            "instance_type": "t2.micro",
                            "ipv6_addresses.#": "0",
                            "key_name": "hanumankeys",
                            "monitoring": "false",
                            "network_interface.#": "0",
                            "network_interface_id": "eni-0310af8fadb4f2e93",
                            "password_data": "",
                            "placement_group": "",
                            "primary_network_interface_id": "eni-0310af8fadb4f2e93",
                            "private_dns": "ip-10-1-1-97.ec2.internal",
                            "private_ip": "10.1.1.97",
                            "public_dns": "",
                            "public_ip": "35.170.65.249",
                            "root_block_device.#": "1",
                            "root_block_device.0.delete_on_termination": "true",
                            "root_block_device.0.iops": "100",
                            "root_block_device.0.volume_id": "vol-05c6b9d1163ae298a",
                            "root_block_device.0.volume_size": "8",
                            "root_block_device.0.volume_type": "gp2",
                            "security_groups.#": "0",
                            "source_dest_check": "true",
                            "subnet_id": "subnet-016c71808e9d63b62",
                            "tags.%": "3",
                            "tags.BillingCode": "ACCT8675309",
                            "tags.Environment": "dev",
                            "tags.Name": "dev-nginx-1",
                            "tenancy": "default",
                            "volume_tags.%": "0",
                            "vpc_security_group_ids.#": "1",
                            "vpc_security_group_ids.1875111166": "sg-0d0a397501fd55439"
                        },
                        "meta": {
                            "e2bfb730-ecaa-11e6-8f88-34363bc7c4c0": {
                                "create": 600000000000,
                                "delete": 1200000000000,
                                "update": 600000000000
                            },
                            "schema_version": "1"
                        },
                        "tainted": false
                    },
                    "deposed": [],
                    "provider": "provider.aws"
                },
                "aws_instance.nginx.1": {
                    "type": "aws_instance",
                    "depends_on": [
                        "aws_iam_access_key.write_user",
                        "aws_s3_bucket.web_bucket",
                        "aws_security_group.nginx-sg",
                        "aws_subnet.subnet.*"
                    ],
                    "primary": {
                        "id": "i-0fa15f6a9089fc6be",
                        "attributes": {
                            "ami": "ami-c58c1dd3",
                            "arn": "arn:aws:ec2:us-east-1:172586632398:instance/i-0fa15f6a9089fc6be",
                            "associate_public_ip_address": "true",
                            "availability_zone": "us-east-1b",
                            "cpu_core_count": "1",
                            "cpu_threads_per_core": "1",
                            "credit_specification.#": "1",
                            "credit_specification.0.cpu_credits": "standard",
                            "disable_api_termination": "false",
                            "ebs_block_device.#": "0",
                            "ebs_optimized": "false",
                            "ephemeral_block_device.#": "0",
                            "get_password_data": "false",
                            "iam_instance_profile": "",
                            "id": "i-0fa15f6a9089fc6be",
                            "instance_state": "running",
                            "instance_type": "t2.micro",
                            "ipv6_addresses.#": "0",
                            "key_name": "hanumankeys",
                            "monitoring": "false",
                            "network_interface.#": "0",
                            "network_interface_id": "eni-0831b358299c15578",
                            "password_data": "",
                            "placement_group": "",
                            "primary_network_interface_id": "eni-0831b358299c15578",
                            "private_dns": "ip-10-1-2-51.ec2.internal",
                            "private_ip": "10.1.2.51",
                            "public_dns": "",
                            "public_ip": "18.233.160.233",
                            "root_block_device.#": "1",
                            "root_block_device.0.delete_on_termination": "true",
                            "root_block_device.0.iops": "100",
                            "root_block_device.0.volume_id": "vol-0beae85e5b13fe9b5",
                            "root_block_device.0.volume_size": "8",
                            "root_block_device.0.volume_type": "gp2",
                            "security_groups.#": "0",
                            "source_dest_check": "true",
                            "subnet_id": "subnet-0da11bc8547887565",
                            "tags.%": "3",
                            "tags.BillingCode": "ACCT8675309",
                            "tags.Environment": "dev",
                            "tags.Name": "dev-nginx-2",
                            "tenancy": "default",
                            "volume_tags.%": "0",
                            "vpc_security_group_ids.#": "1",
                            "vpc_security_group_ids.1875111166": "sg-0d0a397501fd55439"
                        },
                        "meta": {
                            "e2bfb730-ecaa-11e6-8f88-34363bc7c4c0": {
                                "create": 600000000000,
                                "delete": 1200000000000,
                                "update": 600000000000
                            },
                            "schema_version": "1"
                        },
                        "tainted": false
                    },
                    "deposed": [],
                    "provider": "provider.aws"
                },
                "aws_instance.nginx.2": {
                    "type": "aws_instance",
                    "depends_on": [
                        "aws_iam_access_key.write_user",
                        "aws_s3_bucket.web_bucket",
                        "aws_security_group.nginx-sg",
                        "aws_subnet.subnet.*"
                    ],
                    "primary": {
                        "id": "i-0fdae308dff19f63a",
                        "attributes": {
                            "ami": "ami-c58c1dd3",
                            "arn": "arn:aws:ec2:us-east-1:172586632398:instance/i-0fdae308dff19f63a",
                            "associate_public_ip_address": "true",
                            "availability_zone": "us-east-1a",
                            "cpu_core_count": "1",
                            "cpu_threads_per_core": "1",
                            "credit_specification.#": "1",
                            "credit_specification.0.cpu_credits": "standard",
                            "disable_api_termination": "false",
                            "ebs_block_device.#": "0",
                            "ebs_optimized": "false",
                            "ephemeral_block_device.#": "0",
                            "get_password_data": "false",
                            "iam_instance_profile": "",
                            "id": "i-0fdae308dff19f63a",
                            "instance_state": "running",
                            "instance_type": "t2.micro",
                            "ipv6_addresses.#": "0",
                            "key_name": "hanumankeys",
                            "monitoring": "false",
                            "network_interface.#": "0",
                            "network_interface_id": "eni-03d49cc4e972a5126",
                            "password_data": "",
                            "placement_group": "",
                            "primary_network_interface_id": "eni-03d49cc4e972a5126",
                            "private_dns": "ip-10-1-1-171.ec2.internal",
                            "private_ip": "10.1.1.171",
                            "public_dns": "",
                            "public_ip": "34.200.223.19",
                            "root_block_device.#": "1",
                            "root_block_device.0.delete_on_termination": "true",
                            "root_block_device.0.iops": "100",
                            "root_block_device.0.volume_id": "vol-0399597c1eb94b7dd",
                            "root_block_device.0.volume_size": "8",
                            "root_block_device.0.volume_type": "gp2",
                            "security_groups.#": "0",
                            "source_dest_check": "true",
                            "subnet_id": "subnet-016c71808e9d63b62",
                            "tags.%": "3",
                            "tags.BillingCode": "ACCT8675309",
                            "tags.Environment": "dev",
                            "tags.Name": "dev-nginx-3",
                            "tenancy": "default",
                            "volume_tags.%": "0",
                            "vpc_security_group_ids.#": "1",
                            "vpc_security_group_ids.1875111166": "sg-0d0a397501fd55439"
                        },
                        "meta": {
                            "e2bfb730-ecaa-11e6-8f88-34363bc7c4c0": {
                                "create": 600000000000,
                                "delete": 1200000000000,
                                "update": 600000000000
                            },
                            "schema_version": "1"
                        },
                        "tainted": false
                    },
                    "deposed": [],
                    "provider": "provider.aws"
                },
                "aws_instance.nginx.3": {
                    "type": "aws_instance",
                    "depends_on": [
                        "aws_iam_access_key.write_user",
                        "aws_s3_bucket.web_bucket",
                        "aws_security_group.nginx-sg",
                        "aws_subnet.subnet.*"
                    ],
                    "primary": {
                        "id": "i-09873fab0f0f13320",
                        "attributes": {
                            "ami": "ami-c58c1dd3",
                            "arn": "arn:aws:ec2:us-east-1:172586632398:instance/i-09873fab0f0f13320",
                            "associate_public_ip_address": "true",
                            "availability_zone": "us-east-1b",
                            "cpu_core_count": "1",
                            "cpu_threads_per_core": "1",
                            "credit_specification.#": "1",
                            "credit_specification.0.cpu_credits": "standard",
                            "disable_api_termination": "false",
                            "ebs_block_device.#": "0",
                            "ebs_optimized": "false",
                            "ephemeral_block_device.#": "0",
                            "get_password_data": "false",
                            "iam_instance_profile": "",
                            "id": "i-09873fab0f0f13320",
                            "instance_state": "running",
                            "instance_type": "t2.micro",
                            "ipv6_addresses.#": "0",
                            "key_name": "hanumankeys",
                            "monitoring": "false",
                            "network_interface.#": "0",
                            "network_interface_id": "eni-022d362d24ef9b1f3",
                            "password_data": "",
                            "placement_group": "",
                            "primary_network_interface_id": "eni-022d362d24ef9b1f3",
                            "private_dns": "ip-10-1-2-141.ec2.internal",
                            "private_ip": "10.1.2.141",
                            "public_dns": "",
                            "public_ip": "54.172.73.58",
                            "root_block_device.#": "1",
                            "root_block_device.0.delete_on_termination": "true",
                            "root_block_device.0.iops": "100",
                            "root_block_device.0.volume_id": "vol-0ca0580bd80a33cfc",
                            "root_block_device.0.volume_size": "8",
                            "root_block_device.0.volume_type": "gp2",
                            "security_groups.#": "0",
                            "source_dest_check": "true",
                            "subnet_id": "subnet-0da11bc8547887565",
                            "tags.%": "3",
                            "tags.BillingCode": "ACCT8675309",
                            "tags.Environment": "dev",
                            "tags.Name": "dev-nginx-4",
                            "tenancy": "default",
                            "volume_tags.%": "0",
                            "vpc_security_group_ids.#": "1",
                            "vpc_security_group_ids.1875111166": "sg-0d0a397501fd55439"
                        },
                        "meta": {
                            "e2bfb730-ecaa-11e6-8f88-34363bc7c4c0": {
                                "create": 600000000000,
                                "delete": 1200000000000,
                                "update": 600000000000
                            },
                            "schema_version": "1"
                        },
                        "tainted": false
                    },
                    "deposed": [],
                    "provider": "provider.aws"
                },
                "aws_internet_gateway.igw": {
                    "type": "aws_internet_gateway",
                    "depends_on": [
                        "aws_vpc.vpc"
                    ],
                    "primary": {
                        "id": "igw-096b579231334464a",
                        "attributes": {
                            "id": "igw-096b579231334464a",
                            "tags.%": "3",
                            "tags.BillingCode": "ACCT8675309",
                            "tags.Environment": "dev",
                            "tags.Name": "dev-igw",
                            "vpc_id": "vpc-0eef862bb8c14c81e"
                        },
                        "meta": {},
                        "tainted": false
                    },
                    "deposed": [],
                    "provider": "provider.aws"
                },
                "aws_route_table.rtb": {
                    "type": "aws_route_table",
                    "depends_on": [
                        "aws_internet_gateway.igw",
                        "aws_vpc.vpc"
                    ],
                    "primary": {
                        "id": "rtb-08b174c39f32c65db",
                        "attributes": {
                            "id": "rtb-08b174c39f32c65db",
                            "propagating_vgws.#": "0",
                            "route.#": "1",
                            "route.2333377226.cidr_block": "0.0.0.0/0",
                            "route.2333377226.egress_only_gateway_id": "",
                            "route.2333377226.gateway_id": "igw-096b579231334464a",
                            "route.2333377226.instance_id": "",
                            "route.2333377226.ipv6_cidr_block": "",
                            "route.2333377226.nat_gateway_id": "",
                            "route.2333377226.network_interface_id": "",
                            "route.2333377226.vpc_peering_connection_id": "",
                            "tags.%": "3",
                            "tags.BillingCode": "ACCT8675309",
                            "tags.Environment": "dev",
                            "tags.Name": "dev-rtb",
                            "vpc_id": "vpc-0eef862bb8c14c81e"
                        },
                        "meta": {},
                        "tainted": false
                    },
                    "deposed": [],
                    "provider": "provider.aws"
                },
                "aws_route_table_association.rta-subnet.0": {
                    "type": "aws_route_table_association",
                    "depends_on": [
                        "aws_route_table.rtb",
                        "aws_subnet.subnet.*"
                    ],
                    "primary": {
                        "id": "rtbassoc-055148ce8a69577af",
                        "attributes": {
                            "id": "rtbassoc-055148ce8a69577af",
                            "route_table_id": "rtb-08b174c39f32c65db",
                            "subnet_id": "subnet-016c71808e9d63b62"
                        },
                        "meta": {},
                        "tainted": false
                    },
                    "deposed": [],
                    "provider": "provider.aws"
                },
                "aws_route_table_association.rta-subnet.1": {
                    "type": "aws_route_table_association",
                    "depends_on": [
                        "aws_route_table.rtb",
                        "aws_subnet.subnet.*"
                    ],
                    "primary": {
                        "id": "rtbassoc-00434d1b2fdf106f8",
                        "attributes": {
                            "id": "rtbassoc-00434d1b2fdf106f8",
                            "route_table_id": "rtb-08b174c39f32c65db",
                            "subnet_id": "subnet-0da11bc8547887565"
                        },
                        "meta": {},
                        "tainted": false
                    },
                    "deposed": [],
                    "provider": "provider.aws"
                },
                "aws_s3_bucket.web_bucket": {
                    "type": "aws_s3_bucket",
                    "depends_on": [
                        "aws_iam_user.write_user"
                    ],
                    "primary": {
                        "id": "dev-bharathkumarrajuglobomantics-web",
                        "attributes": {
                            "acceleration_status": "",
                            "acl": "private",
                            "arn": "arn:aws:s3:::dev-bharathkumarrajuglobomantics-web",
                            "bucket": "dev-bharathkumarrajuglobomantics-web",
                            "bucket_domain_name": "dev-bharathkumarrajuglobomantics-web.s3.amazonaws.com",
                            "bucket_regional_domain_name": "dev-bharathkumarrajuglobomantics-web.s3.amazonaws.com",
                            "cors_rule.#": "0",
                            "force_destroy": "true",
                            "hosted_zone_id": "Z3AQBSTGFYJSTF",
                            "id": "dev-bharathkumarrajuglobomantics-web",
                            "logging.#": "0",
                            "policy": "{\"Statement\":[{\"Action\":\"s3:GetObject\",\"Effect\":\"Allow\",\"Principal\":{\"AWS\":\"*\"},\"Resource\":\"arn:aws:s3:::dev-bharathkumarrajuglobomantics-web/*\",\"Sid\":\"PublicReadForGetBucketObjects\"},{\"Action\":\"s3:*\",\"Effect\":\"Allow\",\"Principal\":{\"AWS\":\"arn:aws:iam::172586632398:user/dev-s3-write-user\"},\"Resource\":[\"arn:aws:s3:::dev-bharathkumarrajuglobomantics-web\",\"arn:aws:s3:::dev-bharathkumarrajuglobomantics-web/*\"],\"Sid\":\"\"}],\"Version\":\"2008-10-17\"}",
                            "region": "us-east-1",
                            "replication_configuration.#": "0",
                            "request_payer": "BucketOwner",
                            "server_side_encryption_configuration.#": "0",
                            "tags.%": "3",
                            "tags.BillingCode": "ACCT8675309",
                            "tags.Environment": "dev",
                            "tags.Name": "dev-web_bucket",
                            "versioning.#": "1",
                            "versioning.0.enabled": "false",
                            "versioning.0.mfa_delete": "false",
                            "website.#": "0"
                        },
                        "meta": {},
                        "tainted": false
                    },
                    "deposed": [],
                    "provider": "provider.aws"
                },
                "aws_s3_bucket_object.graphic": {
                    "type": "aws_s3_bucket_object",
                    "depends_on": [
                        "aws_s3_bucket.web_bucket"
                    ],
                    "primary": {
                        "id": "/website/Globo_logo_Vert.png",
                        "attributes": {
                            "acl": "private",
                            "bucket": "dev-bharathkumarrajuglobomantics-web",
                            "cache_control": "",
                            "content_disposition": "",
                            "content_encoding": "",
                            "content_language": "",
                            "content_type": "binary/octet-stream",
                            "etag": "e687fb69f04d709058ec93b505e8c8ee",
                            "id": "/website/Globo_logo_Vert.png",
                            "key": "/website/Globo_logo_Vert.png",
                            "server_side_encryption": "",
                            "source": "./Globo_logo_Vert.png",
                            "storage_class": "STANDARD",
                            "tags.%": "0",
                            "version_id": "",
                            "website_redirect": ""
                        },
                        "meta": {},
                        "tainted": false
                    },
                    "deposed": [],
                    "provider": "provider.aws"
                },
                "aws_s3_bucket_object.website": {
                    "type": "aws_s3_bucket_object",
                    "depends_on": [
                        "aws_s3_bucket.web_bucket"
                    ],
                    "primary": {
                        "id": "/website/index.html",
                        "attributes": {
                            "acl": "private",
                            "bucket": "dev-bharathkumarrajuglobomantics-web",
                            "cache_control": "",
                            "content_disposition": "",
                            "content_encoding": "",
                            "content_language": "",
                            "content_type": "binary/octet-stream",
                            "etag": "8a05fe27b546d37e45793bc5c574ec09",
                            "id": "/website/index.html",
                            "key": "/website/index.html",
                            "server_side_encryption": "",
                            "source": "./index.html",
                            "storage_class": "STANDARD",
                            "tags.%": "0",
                            "version_id": "",
                            "website_redirect": ""
                        },
                        "meta": {},
                        "tainted": false
                    },
                    "deposed": [],
                    "provider": "provider.aws"
                },
                "aws_security_group.elb-sg": {
                    "type": "aws_security_group",
                    "depends_on": [
                        "aws_vpc.vpc"
                    ],
                    "primary": {
                        "id": "sg-0e21a534db9d20b25",
                        "attributes": {
                            "arn": "arn:aws:ec2:us-east-1:172586632398:security-group/sg-0e21a534db9d20b25",
                            "description": "Managed by Terraform",
                            "egress.#": "1",
                            "egress.482069346.cidr_blocks.#": "1",
                            "egress.482069346.cidr_blocks.0": "0.0.0.0/0",
                            "egress.482069346.description": "",
                            "egress.482069346.from_port": "0",
                            "egress.482069346.ipv6_cidr_blocks.#": "0",
                            "egress.482069346.prefix_list_ids.#": "0",
                            "egress.482069346.protocol": "-1",
                            "egress.482069346.security_groups.#": "0",
                            "egress.482069346.self": "false",
                            "egress.482069346.to_port": "0",
                            "id": "sg-0e21a534db9d20b25",
                            "ingress.#": "1",
                            "ingress.2214680975.cidr_blocks.#": "1",
                            "ingress.2214680975.cidr_blocks.0": "0.0.0.0/0",
                            "ingress.2214680975.description": "",
                            "ingress.2214680975.from_port": "80",
                            "ingress.2214680975.ipv6_cidr_blocks.#": "0",
                            "ingress.2214680975.protocol": "tcp",
                            "ingress.2214680975.security_groups.#": "0",
                            "ingress.2214680975.self": "false",
                            "ingress.2214680975.to_port": "80",
                            "name": "nginx_elb_sg",
                            "owner_id": "172586632398",
                            "revoke_rules_on_delete": "false",
                            "tags.%": "3",
                            "tags.BillingCode": "ACCT8675309",
                            "tags.Environment": "dev",
                            "tags.Name": "dev-elb-sg",
                            "vpc_id": "vpc-0eef862bb8c14c81e"
                        },
                        "meta": {
                            "e2bfb730-ecaa-11e6-8f88-34363bc7c4c0": {
                                "create": 600000000000,
                                "delete": 600000000000
                            },
                            "schema_version": "1"
                        },
                        "tainted": false
                    },
                    "deposed": [],
                    "provider": "provider.aws"
                },
                "aws_security_group.nginx-sg": {
                    "type": "aws_security_group",
                    "depends_on": [
                        "aws_vpc.vpc"
                    ],
                    "primary": {
                        "id": "sg-0d0a397501fd55439",
                        "attributes": {
                            "arn": "arn:aws:ec2:us-east-1:172586632398:security-group/sg-0d0a397501fd55439",
                            "description": "Managed by Terraform",
                            "egress.#": "1",
                            "egress.482069346.cidr_blocks.#": "1",
                            "egress.482069346.cidr_blocks.0": "0.0.0.0/0",
                            "egress.482069346.description": "",
                            "egress.482069346.from_port": "0",
                            "egress.482069346.ipv6_cidr_blocks.#": "0",
                            "egress.482069346.prefix_list_ids.#": "0",
                            "egress.482069346.protocol": "-1",
                            "egress.482069346.security_groups.#": "0",
                            "egress.482069346.self": "false",
                            "egress.482069346.to_port": "0",
                            "id": "sg-0d0a397501fd55439",
                            "ingress.#": "2",
                            "ingress.2524386204.cidr_blocks.#": "1",
                            "ingress.2524386204.cidr_blocks.0": "10.1.0.0/16",
                            "ingress.2524386204.description": "",
                            "ingress.2524386204.from_port": "80",
                            "ingress.2524386204.ipv6_cidr_blocks.#": "0",
                            "ingress.2524386204.protocol": "tcp",
                            "ingress.2524386204.security_groups.#": "0",
                            "ingress.2524386204.self": "false",
                            "ingress.2524386204.to_port": "80",
                            "ingress.2541437006.cidr_blocks.#": "1",
                            "ingress.2541437006.cidr_blocks.0": "0.0.0.0/0",
                            "ingress.2541437006.description": "",
                            "ingress.2541437006.from_port": "22",
                            "ingress.2541437006.ipv6_cidr_blocks.#": "0",
                            "ingress.2541437006.protocol": "tcp",
                            "ingress.2541437006.security_groups.#": "0",
                            "ingress.2541437006.self": "false",
                            "ingress.2541437006.to_port": "22",
                            "name": "nginx_sg",
                            "owner_id": "172586632398",
                            "revoke_rules_on_delete": "false",
                            "tags.%": "3",
                            "tags.BillingCode": "ACCT8675309",
                            "tags.Environment": "dev",
                            "tags.Name": "dev-nginx-sg",
                            "vpc_id": "vpc-0eef862bb8c14c81e"
                        },
                        "meta": {
                            "e2bfb730-ecaa-11e6-8f88-34363bc7c4c0": {
                                "create": 600000000000,
                                "delete": 600000000000
                            },
                            "schema_version": "1"
                        },
                        "tainted": false
                    },
                    "deposed": [],
                    "provider": "provider.aws"
                },
                "aws_subnet.subnet.0": {
                    "type": "aws_subnet",
                    "depends_on": [
                        "aws_vpc.vpc",
                        "data.aws_availability_zones.available"
                    ],
                    "primary": {
                        "id": "subnet-016c71808e9d63b62",
                        "attributes": {
                            "arn": "arn:aws:ec2:us-east-1:172586632398:subnet/subnet-016c71808e9d63b62",
                            "assign_ipv6_address_on_creation": "false",
                            "availability_zone": "us-east-1a",
                            "cidr_block": "10.1.1.0/24",
                            "id": "subnet-016c71808e9d63b62",
                            "map_public_ip_on_launch": "true",
                            "tags.%": "3",
                            "tags.BillingCode": "ACCT8675309",
                            "tags.Environment": "dev",
                            "tags.Name": "dev-subnet-1",
                            "vpc_id": "vpc-0eef862bb8c14c81e"
                        },
                        "meta": {
                            "schema_version": "1"
                        },
                        "tainted": false
                    },
                    "deposed": [],
                    "provider": "provider.aws"
                },
                "aws_subnet.subnet.1": {
                    "type": "aws_subnet",
                    "depends_on": [
                        "aws_vpc.vpc",
                        "data.aws_availability_zones.available"
                    ],
                    "primary": {
                        "id": "subnet-0da11bc8547887565",
                        "attributes": {
                            "arn": "arn:aws:ec2:us-east-1:172586632398:subnet/subnet-0da11bc8547887565",
                            "assign_ipv6_address_on_creation": "false",
                            "availability_zone": "us-east-1b",
                            "cidr_block": "10.1.2.0/24",
                            "id": "subnet-0da11bc8547887565",
                            "map_public_ip_on_launch": "true",
                            "tags.%": "3",
                            "tags.BillingCode": "ACCT8675309",
                            "tags.Environment": "dev",
                            "tags.Name": "dev-subnet-2",
                            "vpc_id": "vpc-0eef862bb8c14c81e"
                        },
                        "meta": {
                            "schema_version": "1"
                        },
                        "tainted": false
                    },
                    "deposed": [],
                    "provider": "provider.aws"
                },
                "aws_vpc.vpc": {
                    "type": "aws_vpc",
                    "depends_on": [],
                    "primary": {
                        "id": "vpc-0eef862bb8c14c81e",
                        "attributes": {
                            "arn": "arn:aws:ec2:us-east-1:172586632398:vpc/vpc-0eef862bb8c14c81e",
                            "assign_generated_ipv6_cidr_block": "false",
                            "cidr_block": "10.1.0.0/16",
                            "default_network_acl_id": "acl-095577e634be664f8",
                            "default_route_table_id": "rtb-0ac7798acbc00bddc",
                            "default_security_group_id": "sg-07c16e053078281e9",
                            "dhcp_options_id": "dopt-5b43ae22",
                            "enable_classiclink": "false",
                            "enable_classiclink_dns_support": "false",
                            "enable_dns_hostnames": "false",
                            "enable_dns_support": "true",
                            "id": "vpc-0eef862bb8c14c81e",
                            "instance_tenancy": "default",
                            "main_route_table_id": "rtb-0ac7798acbc00bddc",
                            "tags.%": "3",
                            "tags.BillingCode": "ACCT8675309",
                            "tags.Environment": "dev",
                            "tags.Name": "dev-vpc"
                        },
                        "meta": {
                            "schema_version": "1"
                        },
                        "tainted": false
                    },
                    "deposed": [],
                    "provider": "provider.aws"
                },
                "data.aws_availability_zones.available": {
                    "type": "aws_availability_zones",
                    "depends_on": [],
                    "primary": {
                        "id": "2018-09-06 04:58:22.618271 +0000 UTC",
                        "attributes": {
                            "id": "2018-09-06 04:58:22.618271 +0000 UTC",
                            "names.#": "6",
                            "names.0": "us-east-1a",
                            "names.1": "us-east-1b",
                            "names.2": "us-east-1c",
                            "names.3": "us-east-1d",
                            "names.4": "us-east-1e",
                            "names.5": "us-east-1f"
                        },
                        "meta": {},
                        "tainted": false
                    },
                    "deposed": [],
                    "provider": "provider.aws"
                }
            },
            "depends_on": []
        }
    ]
}
